Microsoft Visual Studio Solution File, Format Version 12.00
# Visual Studio Version 17
VisualStudioVersion = 17.5.2.0
MinimumVisualStudioVersion = 10.0.40219.1
Project("{FAE04EC0-301F-11D3-BF4B-00C04F79EFBC}") = "BlazorPdfApp", "BlazorPdfApp.csproj", "{1471E9DB-80D5-B643-1719-46F540F0F88B}"
EndProject
Project("{FAE04EC0-301F-11D3-BF4B-00C04F79EFBC}") = "Contracts", "Contracts\\Contracts.csproj", "{6AE2BCB6-F7C5-1713-4DAE-65329915E60A}"
EndProject
Global
GlobalSection(SolutionConfigurationPlatforms) = preSolution
Debug|Any CPU = Debug|Any CPU
Release|Any CPU = Release|Any CPU
EndGlobalSection
GlobalSection(ProjectConfigurationPlatforms) = postSolution
{1471E9DB-80D5-B643-1719-46F540F0F88B}.Debug|Any CPU.ActiveCfg = Debug|Any CPU
{1471E9DB-80D5-B643-1719-46F540F0F88B}.Debug|Any CPU.Build.0 = Debug|Any CPU
{1471E9DB-80D5-B643-1719-46F540F0F88B}.Release|Any CPU.ActiveCfg = Release|Any CPU
{1471E9DB-80D5-B643-1719-46F540F0F88B}.Release|Any CPU.Build.0 = Release|Any CPU
{6AE2BCB6-F7C5-1713-4DAE-65329915E60A}.Debug|Any CPU.ActiveCfg = Debug|Any CPU
{6AE2BCB6-F7C5-1713-4DAE-65329915E60A}.Debug|Any CPU.Build.0 = Debug|Any CPU
{6AE2BCB6-F7C5-1713-4DAE-65329915E60A}.Release|Any CPU.ActiveCfg = Release|Any CPU
{6AE2BCB6-F7C5-1713-4DAE-65329915E60A}.Release|Any CPU.Build.0 = Release|Any CPU
EndGlobalSection
GlobalSection(SolutionProperties) = preSolution
HideSolutionNode = FALSE
EndGlobalSection
GlobalSection(ExtensibilityGlobals) = postSolution
SolutionGuid = {609ABE5D-C874-4A6D-B0B7-E0D82D79F654}
EndGlobalSection
EndGlobal
